
Microsoft Visual Studio Solution File, Format Version 12.00
# Visual Studio 15
VisualStudioVersion = 15.0.28307.852
MinimumVisualStudioVersion = 10.0.40219.1
Project("{8BC9CEB8-8B4A-11D0-8D11-00A0C91BC942}") = "Game230-SFML", "Game230-SFML\Game230-SFML.vcxproj", "{F7152005-1EEF-46DA-BF3D-E6A102A25590}"
EndProject
Global
	GlobalSection(SolutionConfigurationPlatforms) = preSolution
		Debug|x64 = Debug|x64
		Debug|x86 = Debug|x86
		Release|x64 = Release|x64
		Release|x86 = Release|x86
	EndGlobalSection
	GlobalSection(ProjectConfigurationPlatforms) = postSolution
		{F7152005-1EEF-46DA-BF3D-E6A102A25590}.Debug|x64.ActiveCfg = Debug|x64
		{F7152005-1EEF-46DA-BF3D-E6A102A25590}.Debug|x64.Build.0 = Debug|x64
		{F7152005-1EEF-46DA-BF3D-E6A102A25590}.Debug|x86.ActiveCfg = Debug|Win32
		{F7152005-1EEF-46DA-BF3D-E6A102A25590}.Debug|x86.Build.0 = Debug|Win32
		{F7152005-1EEF-46DA-BF3D-E6A102A25590}.Release|x64.ActiveCfg = Release|x64
		{F7152005-1EEF-46DA-BF3D-E6A102A25590}.Release|x64.Build.0 = Release|x64
		{F7152005-1EEF-46DA-BF3D-E6A102A25590}.Release|x86.ActiveCfg = Release|Win32
		{F7152005-1EEF-46DA-BF3D-E6A102A25590}.Release|x86.Build.0 = Release|Win32
	EndGlobalSection
	GlobalSection(SolutionProperties) = preSolution
		HideSolutionNode = FALSE
	EndGlobalSection
	GlobalSection(ExtensibilityGlobals) = postSolution
		SolutionGuid = {FF647B8D-F968-4C35-B309-87F7A9B40EC7}
	EndGlobalSection
EndGlobal
